
Microsoft Visual Studio Solution File, Format Version 12.00
# Visual Studio Version 16
VisualStudioVersion = 16.0.31613.86
MinimumVisualStudioVersion = 10.0.40219.1
Project("{9A19103F-16F7-4668-BE54-9A1E7A4F7556}") = "Amido.Stacks.Messaging.Azure.EventHub", "Amido.Stacks.Messaging.Azure.EventHub\Amido.Stacks.Messaging.Azure.EventHub.csproj", "{22FDDE74-7DAA-47B0-9C6C-F7683FCBD3E8}"
EndProject
Global
	GlobalSection(SolutionConfigurationPlatforms) = preSolution
		Debug|Any CPU = Debug|Any CPU
		Release|Any CPU = Release|Any CPU
	EndGlobalSection
	GlobalSection(ProjectConfigurationPlatforms) = postSolution
		{22FDDE74-7DAA-47B0-9C6C-F7683FCBD3E8}.Debug|Any CPU.ActiveCfg = Debug|Any CPU
		{22FDDE74-7DAA-47B0-9C6C-F7683FCBD3E8}.Debug|Any CPU.Build.0 = Debug|Any CPU
		{22FDDE74-7DAA-47B0-9C6C-F7683FCBD3E8}.Release|Any CPU.ActiveCfg = Release|Any CPU
		{22FDDE74-7DAA-47B0-9C6C-F7683FCBD3E8}.Release|Any CPU.Build.0 = Release|Any CPU
	EndGlobalSection
	GlobalSection(SolutionProperties) = preSolution
		HideSolutionNode = FALSE
	EndGlobalSection
	GlobalSection(ExtensibilityGlobals) = postSolution
		SolutionGuid = {F45F538C-5952-46FC-928E-44CB4F47D43C}
	EndGlobalSection
EndGlobal
